
Microsoft Visual Studio Solution File, Format Version 9.00
# Visual Studio 2005
Project("{8BC9CEB8-8B4A-11D0-8D11-00A0C91BC942}") = "wx-console", "wx-console\wx-console.vcproj", "{9BA8E10D-0D82-4B25-8543-DE34641FBC10}"
	ProjectSection(ProjectDependencies) = postProject
		{374BF775-AF68-4A88-814A-48F692DFFE5A} = {374BF775-AF68-4A88-814A-48F692DFFE5A}
		{05CF01A0-3C11-443B-B14B-D806C79212F1} = {05CF01A0-3C11-443B-B14B-D806C79212F1}
	EndProjectSection
EndProject
Project("{8BC9CEB8-8B4A-11D0-8D11-00A0C91BC942}") = "console", "console\console.vcproj", "{A0F65E06-9F18-40AC-81F6-A080852F1104}"
	ProjectSection(ProjectDependencies) = postProject
		{374BF775-AF68-4A88-814A-48F692DFFE5A} = {374BF775-AF68-4A88-814A-48F692DFFE5A}
		{05CF01A0-3C11-443B-B14B-D806C79212F1} = {05CF01A0-3C11-443B-B14B-D806C79212F1}
	EndProjectSection
EndProject
Project("{8BC9CEB8-8B4A-11D0-8D11-00A0C91BC942}") = "fstype", "tools\fstype\fstype.vcproj", "{AAF33ADD-A4F9-4BCA-B7F9-0C35C843CC7E}"
	ProjectSection(ProjectDependencies) = postProject
		{05567F02-5DD8-4EB6-9C8E-C236C1D9AB1F} = {05567F02-5DD8-4EB6-9C8E-C236C1D9AB1F}
		{374BF775-AF68-4A88-814A-48F692DFFE5A} = {374BF775-AF68-4A88-814A-48F692DFFE5A}
		{05CF01A0-3C11-443B-B14B-D806C79212F1} = {05CF01A0-3C11-443B-B14B-D806C79212F1}
	EndProjectSection
EndProject
Project("{8BC9CEB8-8B4A-11D0-8D11-00A0C91BC942}") = "libbac", "libbac\libbac.vcproj", "{374BF775-AF68-4A88-814A-48F692DFFE5A}"
EndProject
Project("{8BC9CEB8-8B4A-11D0-8D11-00A0C91BC942}") = "libfind", "libfind\libfind.vcproj", "{05567F02-5DD8-4EB6-9C8E-C236C1D9AB1F}"
EndProject
Project("{8BC9CEB8-8B4A-11D0-8D11-00A0C91BC942}") = "drivetype", "tools\drivetype\drivetype.vcproj", "{E5BC5B2E-976D-4DED-AA07-5DD52BF2163F}"
	ProjectSection(ProjectDependencies) = postProject
		{05567F02-5DD8-4EB6-9C8E-C236C1D9AB1F} = {05567F02-5DD8-4EB6-9C8E-C236C1D9AB1F}
		{374BF775-AF68-4A88-814A-48F692DFFE5A} = {374BF775-AF68-4A88-814A-48F692DFFE5A}
		{05CF01A0-3C11-443B-B14B-D806C79212F1} = {05CF01A0-3C11-443B-B14B-D806C79212F1}
	EndProjectSection
EndProject
Project("{8BC9CEB8-8B4A-11D0-8D11-00A0C91BC942}") = "compat", "compat\compat.vcproj", "{05CF01A0-3C11-443B-B14B-D806C79212F1}"
EndProject
Project("{8BC9CEB8-8B4A-11D0-8D11-00A0C91BC942}") = "testfind", "tools\testfind\testfind.vcproj", "{558838F9-D792-4F56-AAB2-99C03687C5FF}"
	ProjectSection(ProjectDependencies) = postProject
		{05567F02-5DD8-4EB6-9C8E-C236C1D9AB1F} = {05567F02-5DD8-4EB6-9C8E-C236C1D9AB1F}
		{374BF775-AF68-4A88-814A-48F692DFFE5A} = {374BF775-AF68-4A88-814A-48F692DFFE5A}
		{05CF01A0-3C11-443B-B14B-D806C79212F1} = {05CF01A0-3C11-443B-B14B-D806C79212F1}
	EndProjectSection
EndProject
Project("{8BC9CEB8-8B4A-11D0-8D11-00A0C91BC942}") = "testls", "tools\testls\testls.vcproj", "{28FB58CE-AB8C-4C60-83DA-BC1BFCC59BFF}"
	ProjectSection(ProjectDependencies) = postProject
		{05567F02-5DD8-4EB6-9C8E-C236C1D9AB1F} = {05567F02-5DD8-4EB6-9C8E-C236C1D9AB1F}
		{374BF775-AF68-4A88-814A-48F692DFFE5A} = {374BF775-AF68-4A88-814A-48F692DFFE5A}
		{05CF01A0-3C11-443B-B14B-D806C79212F1} = {05CF01A0-3C11-443B-B14B-D806C79212F1}
	EndProjectSection
EndProject
Project("{8BC9CEB8-8B4A-11D0-8D11-00A0C91BC942}") = "baculafd", "filed\baculafd.vcproj", "{6A435DBB-4D3D-4DAE-8CB3-E0AF169A240B}"
	ProjectSection(ProjectDependencies) = postProject
		{05567F02-5DD8-4EB6-9C8E-C236C1D9AB1F} = {05567F02-5DD8-4EB6-9C8E-C236C1D9AB1F}
		{374BF775-AF68-4A88-814A-48F692DFFE5A} = {374BF775-AF68-4A88-814A-48F692DFFE5A}
		{05CF01A0-3C11-443B-B14B-D806C79212F1} = {05CF01A0-3C11-443B-B14B-D806C79212F1}
	EndProjectSection
EndProject
Project("{2150E333-8FDC-42A3-9474-1A3956D46DE8}") = "Solution Items", "Solution Items", "{825DFFD0-4747-43CA-8326-529655E31935}"
	ProjectSection(SolutionItems) = preProject
		ClientConfig.ini = ClientConfig.ini
		..\..\autoconf\bacula-macros\db.m4 = ..\..\autoconf\bacula-macros\db.m4
		..\..\autoconf\bacula-macros\largefiles.m4 = ..\..\autoconf\bacula-macros\largefiles.m4
		..\..\autoconf\bacula-macros\os.m4 = ..\..\autoconf\bacula-macros\os.m4
		winbacula.nsi.in = winbacula.nsi.in
	EndProjectSection
EndProject
Project("{2150E333-8FDC-42A3-9474-1A3956D46DE8}") = "Header Files", "Header Files", "{C8301485-CFD1-43D4-827C-8EA050C8E256}"
	ProjectSection(SolutionItems) = preProject
		..\baconfig.h = ..\baconfig.h
		..\bacula.h = ..\bacula.h
		..\bc_types.h = ..\bc_types.h
		..\jcr.h = ..\jcr.h
		..\version.h = ..\version.h
	EndProjectSection
EndProject
Project("{8BC9CEB8-8B4A-11D0-8D11-00A0C91BC942}") = "baculadird", "dird\dird.vcproj", "{D03415F7-654E-42F4-B0E9-CB8FBE3F22FA}"
	ProjectSection(ProjectDependencies) = postProject
		{05567F02-5DD8-4EB6-9C8E-C236C1D9AB1F} = {05567F02-5DD8-4EB6-9C8E-C236C1D9AB1F}
		{BAB13141-20F9-4B2D-8C0A-021804ADD077} = {BAB13141-20F9-4B2D-8C0A-021804ADD077}
		{374BF775-AF68-4A88-814A-48F692DFFE5A} = {374BF775-AF68-4A88-814A-48F692DFFE5A}
		{05CF01A0-3C11-443B-B14B-D806C79212F1} = {05CF01A0-3C11-443B-B14B-D806C79212F1}
	EndProjectSection
EndProject
Project("{8BC9CEB8-8B4A-11D0-8D11-00A0C91BC942}") = "baculasd", "stored\baculasd\baculasd.vcproj", "{F5F063F8-11A1-475A-82E2-19759BB40B25}"
	ProjectSection(ProjectDependencies) = postProject
		{CAD30B43-D93B-47D5-9161-6A3E9BADCC1D} = {CAD30B43-D93B-47D5-9161-6A3E9BADCC1D}
		{374BF775-AF68-4A88-814A-48F692DFFE5A} = {374BF775-AF68-4A88-814A-48F692DFFE5A}
		{05CF01A0-3C11-443B-B14B-D806C79212F1} = {05CF01A0-3C11-443B-B14B-D806C79212F1}
	EndProjectSection
EndProject
Project("{8BC9CEB8-8B4A-11D0-8D11-00A0C91BC942}") = "bcopy", "stored\bcopy\bcopy.vcproj", "{614CE916-0972-4126-9392-CD9FC0ADD7DE}"
	ProjectSection(ProjectDependencies) = postProject
		{CAD30B43-D93B-47D5-9161-6A3E9BADCC1D} = {CAD30B43-D93B-47D5-9161-6A3E9BADCC1D}
		{374BF775-AF68-4A88-814A-48F692DFFE5A} = {374BF775-AF68-4A88-814A-48F692DFFE5A}
		{05CF01A0-3C11-443B-B14B-D806C79212F1} = {05CF01A0-3C11-443B-B14B-D806C79212F1}
	EndProjectSection
EndProject
Project("{8BC9CEB8-8B4A-11D0-8D11-00A0C91BC942}") = "bextract", "stored\bextract\bextract.vcproj", "{6A7AA493-E46C-4994-B8D6-AA6C9C19C9BA}"
	ProjectSection(ProjectDependencies) = postProject
		{05567F02-5DD8-4EB6-9C8E-C236C1D9AB1F} = {05567F02-5DD8-4EB6-9C8E-C236C1D9AB1F}
		{CAD30B43-D93B-47D5-9161-6A3E9BADCC1D} = {CAD30B43-D93B-47D5-9161-6A3E9BADCC1D}
		{374BF775-AF68-4A88-814A-48F692DFFE5A} = {374BF775-AF68-4A88-814A-48F692DFFE5A}
		{05CF01A0-3C11-443B-B14B-D806C79212F1} = {05CF01A0-3C11-443B-B14B-D806C79212F1}
	EndProjectSection
EndProject
Project("{8BC9CEB8-8B4A-11D0-8D11-00A0C91BC942}") = "bls", "stored\bls\bls.vcproj", "{F8AF7D74-2918-422B-A7B6-4D98566B7160}"
	ProjectSection(ProjectDependencies) = postProject
		{05567F02-5DD8-4EB6-9C8E-C236C1D9AB1F} = {05567F02-5DD8-4EB6-9C8E-C236C1D9AB1F}
		{CAD30B43-D93B-47D5-9161-6A3E9BADCC1D} = {CAD30B43-D93B-47D5-9161-6A3E9BADCC1D}
		{374BF775-AF68-4A88-814A-48F692DFFE5A} = {374BF775-AF68-4A88-814A-48F692DFFE5A}
		{05CF01A0-3C11-443B-B14B-D806C79212F1} = {05CF01A0-3C11-443B-B14B-D806C79212F1}
	EndProjectSection
EndProject
Project("{8BC9CEB8-8B4A-11D0-8D11-00A0C91BC942}") = "bscan", "stored\bscan\bscan.vcproj", "{56EADEDB-FBED-4758-8B54-7B0B47ABDABF}"
	ProjectSection(ProjectDependencies) = postProject
		{05567F02-5DD8-4EB6-9C8E-C236C1D9AB1F} = {05567F02-5DD8-4EB6-9C8E-C236C1D9AB1F}
		{BAB13141-20F9-4B2D-8C0A-021804ADD077} = {BAB13141-20F9-4B2D-8C0A-021804ADD077}
		{CAD30B43-D93B-47D5-9161-6A3E9BADCC1D} = {CAD30B43-D93B-47D5-9161-6A3E9BADCC1D}
		{374BF775-AF68-4A88-814A-48F692DFFE5A} = {374BF775-AF68-4A88-814A-48F692DFFE5A}
		{05CF01A0-3C11-443B-B14B-D806C79212F1} = {05CF01A0-3C11-443B-B14B-D806C79212F1}
	EndProjectSection
EndProject
Project("{8BC9CEB8-8B4A-11D0-8D11-00A0C91BC942}") = "btape", "stored\btape\btape.vcproj", "{496415E0-AF44-4AD8-8C99-91B837DDF469}"
	ProjectSection(ProjectDependencies) = postProject
		{CAD30B43-D93B-47D5-9161-6A3E9BADCC1D} = {CAD30B43-D93B-47D5-9161-6A3E9BADCC1D}
		{374BF775-AF68-4A88-814A-48F692DFFE5A} = {374BF775-AF68-4A88-814A-48F692DFFE5A}
		{05CF01A0-3C11-443B-B14B-D806C79212F1} = {05CF01A0-3C11-443B-B14B-D806C79212F1}
	EndProjectSection
EndProject
Project("{8BC9CEB8-8B4A-11D0-8D11-00A0C91BC942}") = "storelib", "stored\storelib\storelib.vcproj", "{CAD30B43-D93B-47D5-9161-6A3E9BADCC1D}"
EndProject
Project("{8BC9CEB8-8B4A-11D0-8D11-00A0C91BC942}") = "libcats", "cats\cats.vcproj", "{BAB13141-20F9-4B2D-8C0A-021804ADD077}"
EndProject
Project("{8BC9CEB8-8B4A-11D0-8D11-00A0C91BC942}") = "mt", "tapetools\mt\mt\mt.vcproj", "{8F29646A-559A-484C-9C73-B3FCE80EDD9C}"
EndProject
Project("{8BC9CEB8-8B4A-11D0-8D11-00A0C91BC942}") = "postest", "stored\postest\postest.vcproj", "{208D3989-794B-47A2-9D04-D7AEE1524078}"
	ProjectSection(ProjectDependencies) = postProject
		{05567F02-5DD8-4EB6-9C8E-C236C1D9AB1F} = {05567F02-5DD8-4EB6-9C8E-C236C1D9AB1F}
		{CAD30B43-D93B-47D5-9161-6A3E9BADCC1D} = {CAD30B43-D93B-47D5-9161-6A3E9BADCC1D}
		{374BF775-AF68-4A88-814A-48F692DFFE5A} = {374BF775-AF68-4A88-814A-48F692DFFE5A}
		{05CF01A0-3C11-443B-B14B-D806C79212F1} = {05CF01A0-3C11-443B-B14B-D806C79212F1}
	EndProjectSection
EndProject
Project("{8BC9CEB8-8B4A-11D0-8D11-00A0C91BC942}") = "sleep", "scripts\sleep.vcproj", "{0F56AEB0-14DA-4A80-8962-1F85A17339D0}"
EndProject
Project("{2150E333-8FDC-42A3-9474-1A3956D46DE8}") = "Libraries", "Libraries", "{0377E151-3352-487B-A5CF-24BCDC9EC43F}"
EndProject
Project("{2150E333-8FDC-42A3-9474-1A3956D46DE8}") = "Test Tools", "Test Tools", "{D6767108-F420-41C0-A834-2E6F487E1AB3}"
EndProject
Project("{2150E333-8FDC-42A3-9474-1A3956D46DE8}") = "Daemons", "Daemons", "{B9099DDA-18C9-4DE0-AECB-5D8139EA619F}"
EndProject
Project("{2150E333-8FDC-42A3-9474-1A3956D46DE8}") = "Utilities", "Utilities", "{37F903FE-3474-4C93-AD5B-987CB6A92E62}"
EndProject
Project("{2150E333-8FDC-42A3-9474-1A3956D46DE8}") = "Consoles", "Consoles", "{C66C8B3B-C156-4498-91E9-CA9A24CF9051}"
EndProject
Global
	GlobalSection(SolutionConfigurationPlatforms) = preSolution
		Debug|Win32 = Debug|Win32
		Release|Win32 = Release|Win32
	EndGlobalSection
	GlobalSection(ProjectConfigurationPlatforms) = postSolution
		{9BA8E10D-0D82-4B25-8543-DE34641FBC10}.Debug|Win32.ActiveCfg = Debug|Win32
		{9BA8E10D-0D82-4B25-8543-DE34641FBC10}.Debug|Win32.Build.0 = Debug|Win32
		{9BA8E10D-0D82-4B25-8543-DE34641FBC10}.Release|Win32.ActiveCfg = Release|Win32
		{9BA8E10D-0D82-4B25-8543-DE34641FBC10}.Release|Win32.Build.0 = Release|Win32
		{A0F65E06-9F18-40AC-81F6-A080852F1104}.Debug|Win32.ActiveCfg = Debug|Win32
		{A0F65E06-9F18-40AC-81F6-A080852F1104}.Debug|Win32.Build.0 = Debug|Win32
		{A0F65E06-9F18-40AC-81F6-A080852F1104}.Release|Win32.ActiveCfg = Release|Win32
		{A0F65E06-9F18-40AC-81F6-A080852F1104}.Release|Win32.Build.0 = Release|Win32
		{AAF33ADD-A4F9-4BCA-B7F9-0C35C843CC7E}.Debug|Win32.ActiveCfg = Debug|Win32
		{AAF33ADD-A4F9-4BCA-B7F9-0C35C843CC7E}.Debug|Win32.Build.0 = Debug|Win32
		{AAF33ADD-A4F9-4BCA-B7F9-0C35C843CC7E}.Release|Win32.ActiveCfg = Release|Win32
		{AAF33ADD-A4F9-4BCA-B7F9-0C35C843CC7E}.Release|Win32.Build.0 = Release|Win32
		{374BF775-AF68-4A88-814A-48F692DFFE5A}.Debug|Win32.ActiveCfg = Debug|Win32
		{374BF775-AF68-4A88-814A-48F692DFFE5A}.Debug|Win32.Build.0 = Debug|Win32
		{374BF775-AF68-4A88-814A-48F692DFFE5A}.Release|Win32.ActiveCfg = Release|Win32
		{374BF775-AF68-4A88-814A-48F692DFFE5A}.Release|Win32.Build.0 = Release|Win32
		{05567F02-5DD8-4EB6-9C8E-C236C1D9AB1F}.Debug|Win32.ActiveCfg = Debug|Win32
		{05567F02-5DD8-4EB6-9C8E-C236C1D9AB1F}.Debug|Win32.Build.0 = Debug|Win32
		{05567F02-5DD8-4EB6-9C8E-C236C1D9AB1F}.Release|Win32.ActiveCfg = Release|Win32
		{05567F02-5DD8-4EB6-9C8E-C236C1D9AB1F}.Release|Win32.Build.0 = Release|Win32
		{E5BC5B2E-976D-4DED-AA07-5DD52BF2163F}.Debug|Win32.ActiveCfg = Debug|Win32
		{E5BC5B2E-976D-4DED-AA07-5DD52BF2163F}.Debug|Win32.Build.0 = Debug|Win32
		{E5BC5B2E-976D-4DED-AA07-5DD52BF2163F}.Release|Win32.ActiveCfg = Release|Win32
		{E5BC5B2E-976D-4DED-AA07-5DD52BF2163F}.Release|Win32.Build.0 = Release|Win32
		{05CF01A0-3C11-443B-B14B-D806C79212F1}.Debug|Win32.ActiveCfg = Debug|Win32
		{05CF01A0-3C11-443B-B14B-D806C79212F1}.Debug|Win32.Build.0 = Debug|Win32
		{05CF01A0-3C11-443B-B14B-D806C79212F1}.Release|Win32.ActiveCfg = Release|Win32
		{05CF01A0-3C11-443B-B14B-D806C79212F1}.Release|Win32.Build.0 = Release|Win32
		{558838F9-D792-4F56-AAB2-99C03687C5FF}.Debug|Win32.ActiveCfg = Debug|Win32
		{558838F9-D792-4F56-AAB2-99C03687C5FF}.Debug|Win32.Build.0 = Debug|Win32
		{558838F9-D792-4F56-AAB2-99C03687C5FF}.Release|Win32.ActiveCfg = Release|Win32
		{558838F9-D792-4F56-AAB2-99C03687C5FF}.Release|Win32.Build.0 = Release|Win32
		{28FB58CE-AB8C-4C60-83DA-BC1BFCC59BFF}.Debug|Win32.ActiveCfg = Debug|Win32
		{28FB58CE-AB8C-4C60-83DA-BC1BFCC59BFF}.Debug|Win32.Build.0 = Debug|Win32
		{28FB58CE-AB8C-4C60-83DA-BC1BFCC59BFF}.Release|Win32.ActiveCfg = Release|Win32
		{28FB58CE-AB8C-4C60-83DA-BC1BFCC59BFF}.Release|Win32.Build.0 = Release|Win32
		{6A435DBB-4D3D-4DAE-8CB3-E0AF169A240B}.Debug|Win32.ActiveCfg = Debug|Win32
		{6A435DBB-4D3D-4DAE-8CB3-E0AF169A240B}.Debug|Win32.Build.0 = Debug|Win32
		{6A435DBB-4D3D-4DAE-8CB3-E0AF169A240B}.Release|Win32.ActiveCfg = Release|Win32
		{6A435DBB-4D3D-4DAE-8CB3-E0AF169A240B}.Release|Win32.Build.0 = Release|Win32
		{D03415F7-654E-42F4-B0E9-CB8FBE3F22FA}.Debug|Win32.ActiveCfg = Debug|Win32
		{D03415F7-654E-42F4-B0E9-CB8FBE3F22FA}.Debug|Win32.Build.0 = Debug|Win32
		{D03415F7-654E-42F4-B0E9-CB8FBE3F22FA}.Release|Win32.ActiveCfg = Release|Win32
		{D03415F7-654E-42F4-B0E9-CB8FBE3F22FA}.Release|Win32.Build.0 = Release|Win32
		{F5F063F8-11A1-475A-82E2-19759BB40B25}.Debug|Win32.ActiveCfg = Debug|Win32
		{F5F063F8-11A1-475A-82E2-19759BB40B25}.Debug|Win32.Build.0 = Debug|Win32
		{F5F063F8-11A1-475A-82E2-19759BB40B25}.Release|Win32.ActiveCfg = Release|Win32
		{F5F063F8-11A1-475A-82E2-19759BB40B25}.Release|Win32.Build.0 = Release|Win32
		{614CE916-0972-4126-9392-CD9FC0ADD7DE}.Debug|Win32.ActiveCfg = Debug|Win32
		{614CE916-0972-4126-9392-CD9FC0ADD7DE}.Debug|Win32.Build.0 = Debug|Win32
		{614CE916-0972-4126-9392-CD9FC0ADD7DE}.Release|Win32.ActiveCfg = Release|Win32
		{614CE916-0972-4126-9392-CD9FC0ADD7DE}.Release|Win32.Build.0 = Release|Win32
		{6A7AA493-E46C-4994-B8D6-AA6C9C19C9BA}.Debug|Win32.ActiveCfg = Debug|Win32
		{6A7AA493-E46C-4994-B8D6-AA6C9C19C9BA}.Debug|Win32.Build.0 = Debug|Win32
		{6A7AA493-E46C-4994-B8D6-AA6C9C19C9BA}.Release|Win32.ActiveCfg = Release|Win32
		{6A7AA493-E46C-4994-B8D6-AA6C9C19C9BA}.Release|Win32.Build.0 = Release|Win32
		{F8AF7D74-2918-422B-A7B6-4D98566B7160}.Debug|Win32.ActiveCfg = Debug|Win32
		{F8AF7D74-2918-422B-A7B6-4D98566B7160}.Debug|Win32.Build.0 = Debug|Win32
		{F8AF7D74-2918-422B-A7B6-4D98566B7160}.Release|Win32.ActiveCfg = Release|Win32
		{F8AF7D74-2918-422B-A7B6-4D98566B7160}.Release|Win32.Build.0 = Release|Win32
		{56EADEDB-FBED-4758-8B54-7B0B47ABDABF}.Debug|Win32.ActiveCfg = Debug|Win32
		{56EADEDB-FBED-4758-8B54-7B0B47ABDABF}.Debug|Win32.Build.0 = Debug|Win32
		{56EADEDB-FBED-4758-8B54-7B0B47ABDABF}.Release|Win32.ActiveCfg = Release|Win32
		{56EADEDB-FBED-4758-8B54-7B0B47ABDABF}.Release|Win32.Build.0 = Release|Win32
		{496415E0-AF44-4AD8-8C99-91B837DDF469}.Debug|Win32.ActiveCfg = Debug|Win32
		{496415E0-AF44-4AD8-8C99-91B837DDF469}.Debug|Win32.Build.0 = Debug|Win32
		{496415E0-AF44-4AD8-8C99-91B837DDF469}.Release|Win32.ActiveCfg = Release|Win32
		{496415E0-AF44-4AD8-8C99-91B837DDF469}.Release|Win32.Build.0 = Release|Win32
		{CAD30B43-D93B-47D5-9161-6A3E9BADCC1D}.Debug|Win32.ActiveCfg = Debug|Win32
		{CAD30B43-D93B-47D5-9161-6A3E9BADCC1D}.Debug|Win32.Build.0 = Debug|Win32
		{CAD30B43-D93B-47D5-9161-6A3E9BADCC1D}.Release|Win32.ActiveCfg = Release|Win32
		{CAD30B43-D93B-47D5-9161-6A3E9BADCC1D}.Release|Win32.Build.0 = Release|Win32
		{BAB13141-20F9-4B2D-8C0A-021804ADD077}.Debug|Win32.ActiveCfg = Debug|Win32
		{BAB13141-20F9-4B2D-8C0A-021804ADD077}.Debug|Win32.Build.0 = Debug|Win32
		{BAB13141-20F9-4B2D-8C0A-021804ADD077}.Release|Win32.ActiveCfg = Release|Win32
		{BAB13141-20F9-4B2D-8C0A-021804ADD077}.Release|Win32.Build.0 = Release|Win32
		{8F29646A-559A-484C-9C73-B3FCE80EDD9C}.Debug|Win32.ActiveCfg = Debug|Win32
		{8F29646A-559A-484C-9C73-B3FCE80EDD9C}.Debug|Win32.Build.0 = Debug|Win32
		{8F29646A-559A-484C-9C73-B3FCE80EDD9C}.Release|Win32.ActiveCfg = Release|Win32
		{8F29646A-559A-484C-9C73-B3FCE80EDD9C}.Release|Win32.Build.0 = Release|Win32
		{208D3989-794B-47A2-9D04-D7AEE1524078}.Debug|Win32.ActiveCfg = Debug|Win32
		{208D3989-794B-47A2-9D04-D7AEE1524078}.Debug|Win32.Build.0 = Debug|Win32
		{208D3989-794B-47A2-9D04-D7AEE1524078}.Release|Win32.ActiveCfg = Release|Win32
		{208D3989-794B-47A2-9D04-D7AEE1524078}.Release|Win32.Build.0 = Release|Win32
		{0F56AEB0-14DA-4A80-8962-1F85A17339D0}.Debug|Win32.ActiveCfg = Debug|Win32
		{0F56AEB0-14DA-4A80-8962-1F85A17339D0}.Debug|Win32.Build.0 = Debug|Win32
		{0F56AEB0-14DA-4A80-8962-1F85A17339D0}.Release|Win32.ActiveCfg = Release|Win32
		{0F56AEB0-14DA-4A80-8962-1F85A17339D0}.Release|Win32.Build.0 = Release|Win32
	EndGlobalSection
	GlobalSection(SolutionProperties) = preSolution
		HideSolutionNode = FALSE
	EndGlobalSection
	GlobalSection(NestedProjects) = preSolution
		{A0F65E06-9F18-40AC-81F6-A080852F1104} = {C66C8B3B-C156-4498-91E9-CA9A24CF9051}
		{9BA8E10D-0D82-4B25-8543-DE34641FBC10} = {C66C8B3B-C156-4498-91E9-CA9A24CF9051}
		{E5BC5B2E-976D-4DED-AA07-5DD52BF2163F} = {D6767108-F420-41C0-A834-2E6F487E1AB3}
		{558838F9-D792-4F56-AAB2-99C03687C5FF} = {D6767108-F420-41C0-A834-2E6F487E1AB3}
		{28FB58CE-AB8C-4C60-83DA-BC1BFCC59BFF} = {D6767108-F420-41C0-A834-2E6F487E1AB3}
		{208D3989-794B-47A2-9D04-D7AEE1524078} = {D6767108-F420-41C0-A834-2E6F487E1AB3}
		{AAF33ADD-A4F9-4BCA-B7F9-0C35C843CC7E} = {D6767108-F420-41C0-A834-2E6F487E1AB3}
		{05567F02-5DD8-4EB6-9C8E-C236C1D9AB1F} = {0377E151-3352-487B-A5CF-24BCDC9EC43F}
		{05CF01A0-3C11-443B-B14B-D806C79212F1} = {0377E151-3352-487B-A5CF-24BCDC9EC43F}
		{CAD30B43-D93B-47D5-9161-6A3E9BADCC1D} = {0377E151-3352-487B-A5CF-24BCDC9EC43F}
		{BAB13141-20F9-4B2D-8C0A-021804ADD077} = {0377E151-3352-487B-A5CF-24BCDC9EC43F}
		{374BF775-AF68-4A88-814A-48F692DFFE5A} = {0377E151-3352-487B-A5CF-24BCDC9EC43F}
		{D03415F7-654E-42F4-B0E9-CB8FBE3F22FA} = {B9099DDA-18C9-4DE0-AECB-5D8139EA619F}
		{F5F063F8-11A1-475A-82E2-19759BB40B25} = {B9099DDA-18C9-4DE0-AECB-5D8139EA619F}
		{6A435DBB-4D3D-4DAE-8CB3-E0AF169A240B} = {B9099DDA-18C9-4DE0-AECB-5D8139EA619F}
		{C8301485-CFD1-43D4-827C-8EA050C8E256} = {825DFFD0-4747-43CA-8326-529655E31935}
		{6A7AA493-E46C-4994-B8D6-AA6C9C19C9BA} = {37F903FE-3474-4C93-AD5B-987CB6A92E62}
		{F8AF7D74-2918-422B-A7B6-4D98566B7160} = {37F903FE-3474-4C93-AD5B-987CB6A92E62}
		{56EADEDB-FBED-4758-8B54-7B0B47ABDABF} = {37F903FE-3474-4C93-AD5B-987CB6A92E62}
		{496415E0-AF44-4AD8-8C99-91B837DDF469} = {37F903FE-3474-4C93-AD5B-987CB6A92E62}
		{8F29646A-559A-484C-9C73-B3FCE80EDD9C} = {37F903FE-3474-4C93-AD5B-987CB6A92E62}
		{0F56AEB0-14DA-4A80-8962-1F85A17339D0} = {37F903FE-3474-4C93-AD5B-987CB6A92E62}
		{614CE916-0972-4126-9392-CD9FC0ADD7DE} = {37F903FE-3474-4C93-AD5B-987CB6A92E62}
	EndGlobalSection
EndGlobal
